
Microsoft Visual Studio Solution File, Format Version 12.00
# Visual Studio 15
VisualStudioVersion = 15.0.27130.2027
MinimumVisualStudioVersion = 10.0.40219.1
Project("{FAE04EC0-301F-11D3-BF4B-00C04F79EFBC}") = "Rating", "Rating\Rating.csproj", "{304AB65D-96EF-4A2F-A114-5F543DDB932F}"
EndProject
Global
	GlobalSection(SolutionConfigurationPlatforms) = preSolution
		Debug|Any CPU = Debug|Any CPU
		Release|Any CPU = Release|Any CPU
	EndGlobalSection
	GlobalSection(ProjectConfigurationPlatforms) = postSolution
		{304AB65D-96EF-4A2F-A114-5F543DDB932F}.Debug|Any CPU.ActiveCfg = Debug|Any CPU
		{304AB65D-96EF-4A2F-A114-5F543DDB932F}.Debug|Any CPU.Build.0 = Debug|Any CPU
		{304AB65D-96EF-4A2F-A114-5F543DDB932F}.Release|Any CPU.ActiveCfg = Release|Any CPU
		{304AB65D-96EF-4A2F-A114-5F543DDB932F}.Release|Any CPU.Build.0 = Release|Any CPU
	EndGlobalSection
	GlobalSection(SolutionProperties) = preSolution
		HideSolutionNode = FALSE
	EndGlobalSection
	GlobalSection(ExtensibilityGlobals) = postSolution
		SolutionGuid = {4D67E43E-E3B6-4166-9BC3-E17A05786C27}
	EndGlobalSection
EndGlobal
